
Microsoft Visual Studio Solution File, Format Version 12.00
# Visual Studio Version 17
VisualStudioVersion = 17.5.33627.172
MinimumVisualStudioVersion = 10.0.40219.1
Project("{FAE04EC0-301F-11D3-BF4B-00C04F79EFBC}") = "Module2_HomeWork3", "Module2_HomeWork3\Module2_HomeWork3.csproj", "{8A0AEE87-A81B-4BA0-A20B-82596AC0ED1A}"
EndProject
Global
	GlobalSection(SolutionConfigurationPlatforms) = preSolution
		Debug|Any CPU = Debug|Any CPU
		Release|Any CPU = Release|Any CPU
	EndGlobalSection
	GlobalSection(ProjectConfigurationPlatforms) = postSolution
		{8A0AEE87-A81B-4BA0-A20B-82596AC0ED1A}.Debug|Any CPU.ActiveCfg = Debug|Any CPU
		{8A0AEE87-A81B-4BA0-A20B-82596AC0ED1A}.Debug|Any CPU.Build.0 = Debug|Any CPU
		{8A0AEE87-A81B-4BA0-A20B-82596AC0ED1A}.Release|Any CPU.ActiveCfg = Release|Any CPU
		{8A0AEE87-A81B-4BA0-A20B-82596AC0ED1A}.Release|Any CPU.Build.0 = Release|Any CPU
	EndGlobalSection
	GlobalSection(SolutionProperties) = preSolution
		HideSolutionNode = FALSE
	EndGlobalSection
	GlobalSection(ExtensibilityGlobals) = postSolution
		SolutionGuid = {01CFF059-78A4-42FE-BC88-8D1267283A50}
	EndGlobalSection
EndGlobal
